Microsoft Visual Studio Solution File, Format Version 11.00
# Visual Studio 2008

Project("{81B1C784-1F22-D8AE-AA92-639603D21586}") = "Hackathon project", "Assembly-CSharp-firstpass.csproj", "{BF837868-5755-E40C-1C4C-BAA52D6CAC31}"
EndProject
Project("{81B1C784-1F22-D8AE-AA92-639603D21586}") = "Hackathon project", "Assembly-CSharp.csproj", "{A236222F-AAC6-0675-0B7E-341E6346B756}"
EndProject
Project("{81B1C784-1F22-D8AE-AA92-639603D21586}") = "Hackathon project", "Assembly-CSharp-Editor.csproj", "{4CC67D25-36B2-A7BA-994A-95DB15BBDAFD}"
EndProject
Global
	GlobalSection(SolutionConfigurationPlatforms) = preSolution
		Debug|Any CPU = Debug|Any CPU
		Release|Any CPU = Release|Any CPU
	EndGlobalSection
	GlobalSection(ProjectConfigurationPlatforms) = postSolution
		{BF837868-5755-E40C-1C4C-BAA52D6CAC31}.Debug|Any CPU.ActiveCfg = Debug|Any CPU
		{BF837868-5755-E40C-1C4C-BAA52D6CAC31}.Debug|Any CPU.Build.0 = Debug|Any CPU
		{BF837868-5755-E40C-1C4C-BAA52D6CAC31}.Release|Any CPU.ActiveCfg = Release|Any CPU
		{BF837868-5755-E40C-1C4C-BAA52D6CAC31}.Release|Any CPU.Build.0 = Release|Any CPU
		{A236222F-AAC6-0675-0B7E-341E6346B756}.Debug|Any CPU.ActiveCfg = Debug|Any CPU
		{A236222F-AAC6-0675-0B7E-341E6346B756}.Debug|Any CPU.Build.0 = Debug|Any CPU
		{A236222F-AAC6-0675-0B7E-341E6346B756}.Release|Any CPU.ActiveCfg = Release|Any CPU
		{A236222F-AAC6-0675-0B7E-341E6346B756}.Release|Any CPU.Build.0 = Release|Any CPU
		{4CC67D25-36B2-A7BA-994A-95DB15BBDAFD}.Debug|Any CPU.ActiveCfg = Debug|Any CPU
		{4CC67D25-36B2-A7BA-994A-95DB15BBDAFD}.Debug|Any CPU.Build.0 = Debug|Any CPU
		{4CC67D25-36B2-A7BA-994A-95DB15BBDAFD}.Release|Any CPU.ActiveCfg = Release|Any CPU
		{4CC67D25-36B2-A7BA-994A-95DB15BBDAFD}.Release|Any CPU.Build.0 = Release|Any CPU
	EndGlobalSection
	GlobalSection(SolutionProperties) = preSolution
		HideSolutionNode = FALSE
	EndGlobalSection
																																GlobalSection(MonoDevelopProperties) = preSolution
		StartupItem = Assembly-CSharp.csproj
		Policies = $0
		$0.TextStylePolicy = $1
		$1.inheritsSet = null
		$1.scope = text/x-csharp
		$0.CSharpFormattingPolicy = $2
		$2.inheritsSet = Mono
		$2.inheritsScope = text/x-csharp
		$2.scope = text/x-csharp
		$0.TextStylePolicy = $3
		$3.FileWidth = 120
		$3.TabWidth = 4
		$3.IndentWidth = 4
		$3.EolMarker = Unix
		$3.inheritsSet = Mono
		$3.inheritsScope = text/plain
		$3.scope = text/plain
	EndGlobalSection

EndGlobal
